PODS:
  - ActionSheetPicker-3.0 (2.2.0)
  - Crashlytics (3.10.0):
    - Fabric (~> 1.7.3)
  - Fabric (1.7.3)
  - Firebase/Core (3.10.0):
    - FirebaseAnalytics (= 3.6.0)
    - FirebaseCore (= 3.4.5)
  - Firebase/Crash (3.10.0):
    - Firebase/Core
    - FirebaseCrash (= 1.1.4)
  - Firebase/Messaging (3.10.0):
    - Firebase/Core
    - FirebaseMessaging (= 1.2.1)
  - FirebaseAnalytics (3.6.0):
    - FirebaseCore (~> 3.4)
    - FirebaseInstanceID (~> 1.0)
    - GoogleInterchangeUtilities (~> 1.2)
    - GoogleSymbolUtilities (~> 1.1)
    - "GoogleToolboxForMac/NSData+zlib (~> 2.1)"
  - FirebaseCore (3.4.5):
    - GoogleInterchangeUtilities (~> 1.2)
    - "GoogleToolboxForMac/NSData+zlib (~> 2.1)"
  - FirebaseCrash (1.1.4):
    - FirebaseAnalytics (~> 3.5)
    - FirebaseInstanceID (~> 1.0)
    - GoogleInterchangeUtilities (~> 1.2)
    - GoogleSymbolUtilities (~> 1.1)
    - GoogleToolboxForMac/Logger (~> 2.1)
    - "GoogleToolboxForMac/NSData+zlib (~> 2.1)"
  - FirebaseInstanceID (1.0.8)
  - FirebaseMessaging (1.2.1):
    - FirebaseAnalytics (~> 3.4)
    - FirebaseInstanceID (~> 1.0)
    - GoogleInterchangeUtilities (~> 1.2)
    - GoogleSymbolUtilities (~> 1.1)
    - GoogleToolboxForMac/Logger (~> 2.1)
  - GoogleInterchangeUtilities (1.2.2):
    - GoogleSymbolUtilities (~> 1.1)
  - GoogleSymbolUtilities (1.1.2)
  - GoogleToolboxForMac/Defines (2.1.0)
  - GoogleToolboxForMac/Logger (2.1.0):
    - GoogleToolboxForMac/Defines (= 2.1.0)
  - "GoogleToolboxForMac/NSData+zlib (2.1.0)":
    - GoogleToolboxForMac/Defines (= 2.1.0)
  - HexColors (4.0.0)
  - HSAttachmentPicker (1.0.2)
  - IQKeyboardManager (5.0.7)
  - MBProgressHUD (1.0.0)
  - NSDate-Time-Ago (1.0.1)
  - PPTopMostController (0.0.1)
  - RMessage (2.3.2):
    - HexColors (~> 4.0)
    - PPTopMostController
  - SDWebImage (3.8.2):
    - SDWebImage/Core (= 3.8.2)
  - SDWebImage/Core (3.8.2)
  - UITextField_AutoSuggestion (0.3.0)
  - XLForm (3.3.0)

DEPENDENCIES:
  - ActionSheetPicker-3.0
  - Crashlytics (~> 3.10.0)
  - Fabric (~> 1.7.3)
  - Firebase/Core
  - Firebase/Crash
  - Firebase/Messaging
  - HexColors
  - HSAttachmentPicker
  - IQKeyboardManager
  - MBProgressHUD (~> 1.0.0)
  - NSDate-Time-Ago
  - RMessage
  - SDWebImage
  - UITextField_AutoSuggestion
  - XLForm (~> 3.0)

SPEC REPOS:
  https://github.com/cocoapods/specs.git:
    - ActionSheetPicker-3.0
    - Crashlytics
    - Fabric
    - Firebase
    - FirebaseAnalytics
    - FirebaseCore
    - FirebaseCrash
    - FirebaseInstanceID
    - FirebaseMessaging
    - GoogleInterchangeUtilities
    - GoogleSymbolUtilities
    - GoogleToolboxForMac
    - HexColors
    - HSAttachmentPicker
    - IQKeyboardManager
    - MBProgressHUD
    - NSDate-Time-Ago
    - PPTopMostController
    - RMessage
    - SDWebImage
    - UITextField_AutoSuggestion
    - XLForm

SPEC CHECKSUMS:
  ActionSheetPicker-3.0: d11a4c12c6aaf704b8a3f56d179198c99f3e41e6
  Crashlytics: a989ef242b66605577a425733797f810bd2725eb
  Fabric: bb495bb9a7a7677c6d03a1f8b83d95bc49b47e41
  Firebase: 387f37c7dca894a02708da9ff35ba147040eae9e
  FirebaseAnalytics: 9c67af0ebeb8d2146c9b4ea2616439affa947b58
  FirebaseCore: 1e383fdfe37b6b5d6ff88e84204bdee30276af0f
  FirebaseCrash: 16dd3d538dcd28ad0e7599ff2fd86194c60fa73a
  FirebaseInstanceID: ba1e640935235e5fac39dfa816fe7660e72e1a8a
  FirebaseMessaging: acf66347e43c5637c697060c3001d25c809a4131
  GoogleInterchangeUtilities: d5bc4d88d5b661ab72f9d70c58d02ca8c27ad1f7
  GoogleSymbolUtilities: 631ee17048aa5e9ab133470d768ea997a5ef9b96
  GoogleToolboxForMac: 2b2596cbb7186865e98cadf2b1e262d851c2b168
  HexColors: 5f95843ef89aff6a72e1fd3a8ebabf205cc43379
  HSAttachmentPicker: bb96437cb83ec25af06269883de7ea87c484f71d
  IQKeyboardManager: 0bfa4607d39924116b5c0c8b55b5d789288b5cba
  MBProgressHUD: 4890f671c94e8a0f3cf959aa731e9de2f036d71a
  NSDate-Time-Ago: e9de167d0659ebe465c273e833e7b582f061fc41
  PPTopMostController: 4e6f1e5f8c645bdcc74cd837a20f607ff262c048
  RMessage: 761f8ff71247b8d72d0c4a0be5a8e6ce8dfdedd0
  SDWebImage: 098e97e6176540799c27e804c96653ee0833d13c
  UITextField_AutoSuggestion: dca08de21c8de3f6054dda085087a04b5b326208
  XLForm: d5c391dfc62865927b5bcab0a5a0dbfb3e02b0ec

PODFILE CHECKSUM: d3622afd12650757d09afa1178482db2c0a8c3e0

COCOAPODS: 1.5.3
